// !$*UTF8*$!
{
	archiveVersion = 1;
	classes = {
	};
	objectVersion = 50;
	objects = {

/* Begin PBXBuildFile section */
		3FE32FDE23FAF1D500BD1A7E /* Main.storyboard in Resources */ = {isa = PBXBuildFile; fileRef = 3FE32FDD23FAF1D500BD1A7E /* Main.storyboard */; };
		3FE32FE223FAF27F00BD1A7E /* View.xib in Resources */ = {isa = PBXBuildFile; fileRef = 3FE32FE123FAF27F00BD1A7E /* View.xib */; };
		ED0F350923D8F8D5003997D0 /* AppDelegate.swift in Sources */ = {isa = PBXBuildFile; fileRef = ED0F350823D8F8D5003997D0 /* AppDelegate.swift */; };
		ED0F350B23D8F8D5003997D0 /* SceneDelegate.swift in Sources */ = {isa = PBXBuildFile; fileRef = ED0F350A23D8F8D5003997D0 /* SceneDelegate.swift */; };
		ED0F350D23D8F8D5003997D0 /* ContentView.swift in Sources */ = {isa = PBXBuildFile; fileRef = ED0F350C23D8F8D5003997D0 /* ContentView.swift */; };
		ED0F350F23D8F8D7003997D0 /* Assets.xcassets in Resources */ = {isa = PBXBuildFile; fileRef = ED0F350E23D8F8D7003997D0 /* Assets.xcassets */; };
		ED0F351223D8F8D7003997D0 /* Preview Assets.xcassets in Resources */ = {isa = PBXBuildFile; fileRef = ED0F351123D8F8D7003997D0 /* Preview Assets.xcassets */; };
		ED0F351523D8F8D7003997D0 /* LaunchScreen.storyboard in Resources */ = {isa = PBXBuildFile; fileRef = ED0F351323D8F8D7003997D0 /* LaunchScreen.storyboard */; };
		ED0F352023D8F8D8003997D0 /* CP_UITests.swift in Sources */ = {isa = PBXBuildFile; fileRef = ED0F351F23D8F8D8003997D0 /* CP_UITests.swift */; };
		ED0F352B23D8F8D8003997D0 /* CP_UIUITests.swift in Sources */ = {isa = PBXBuildFile; fileRef = ED0F352A23D8F8D8003997D0 /* CP_UIUITests.swift */; };
/* End PBXBuildFile section */

/* Begin PBXContainerItemProxy section */
		ED0F351C23D8F8D8003997D0 /* PBXContainerItemProxy */ = {
			isa = PBXContainerItemProxy;
			containerPortal = ED0F34FD23D8F8D5003997D0 /* Project object */;
			proxyType = 1;
			remoteGlobalIDString = ED0F350423D8F8D5003997D0;
			remoteInfo = CP_UI;
		};
		ED0F352723D8F8D8003997D0 /* PBXContainerItemProxy */ = {
			isa = PBXContainerItemProxy;
			containerPortal = ED0F34FD23D8F8D5003997D0 /* Project object */;
			proxyType = 1;
			remoteGlobalIDString = ED0F350423D8F8D5003997D0;
			remoteInfo = CP_UI;
		};
/* End PBXContainerItemProxy section */

/* Begin PBXFileReference section */
		3FE32FDD23FAF1D500BD1A7E /* Main.storyboard */ = {isa = PBXFileReference; lastKnownFileType = file.storyboard; path = Main.storyboard; sourceTree = "<group>"; };
		3FE32FE123FAF27F00BD1A7E /* View.xib */ = {isa = PBXFileReference; lastKnownFileType = file.xib; path = View.xib; sourceTree = "<group>"; };
		ED0F350523D8F8D5003997D0 /* CP_UI.app */ = {isa = PBXFileReference; explicitFileType = wrapper.application; includeInIndex = 0; path = CP_UI.app; sourceTree = BUILT_PRODUCTS_DIR; };
		ED0F350823D8F8D5003997D0 /* AppDelegate.swift */ = {isa = PBXFileReference; lastKnownFileType = sourcecode.swift; path = AppDelegate.swift; sourceTree = "<group>"; };
		ED0F350A23D8F8D5003997D0 /* SceneDelegate.swift */ = {isa = PBXFileReference; lastKnownFileType = sourcecode.swift; path = SceneDelegate.swift; sourceTree = "<group>"; };
		ED0F350C23D8F8D5003997D0 /* ContentView.swift */ = {isa = PBXFileReference; lastKnownFileType = sourcecode.swift; path = ContentView.swift; sourceTree = "<group>"; };
		ED0F350E23D8F8D7003997D0 /* Assets.xcassets */ = {isa = PBXFileReference; lastKnownFileType = folder.assetcatalog; path = Assets.xcassets; sourceTree = "<group>"; };
		ED0F351123D8F8D7003997D0 /* Preview Assets.xcassets */ = {isa = PBXFileReference; lastKnownFileType = folder.assetcatalog; path = "Preview Assets.xcassets"; sourceTree = "<group>"; };
		ED0F351423D8F8D7003997D0 /* Base */ = {isa = PBXFileReference; lastKnownFileType = file.storyboard; name = Base; path = Base.lproj/LaunchScreen.storyboard; sourceTree = "<group>"; };
		ED0F351623D8F8D7003997D0 /* Info.plist */ = {isa = PBXFileReference; lastKnownFileType = text.plist.xml; path = Info.plist; sourceTree = "<group>"; };
		ED0F351B23D8F8D8003997D0 /* CP_UITests.xctest */ = {isa = PBXFileReference; explicitFileType = wrapper.cfbundle; includeInIndex = 0; path = CP_UITests.xctest; sourceTree = BUILT_PRODUCTS_DIR; };
		ED0F351F23D8F8D8003997D0 /* CP_UITests.swift */ = {isa = PBXFileReference; lastKnownFileType = sourcecode.swift; path = CP_UITests.swift; sourceTree = "<group>"; };
		ED0F352123D8F8D8003997D0 /* Info.plist */ = {isa = PBXFileReference; lastKnownFileType = text.plist.xml; path = Info.plist; sourceTree = "<group>"; };
		ED0F352623D8F8D8003997D0 /* CP_UIUITests.xctest */ = {isa = PBXFileReference; explicitFileType = wrapper.cfbundle; includeInIndex = 0; path = CP_UIUITests.xctest; sourceTree = BUILT_PRODUCTS_DIR; };
		ED0F352A23D8F8D8003997D0 /* CP_UIUITests.swift */ = {isa = PBXFileReference; lastKnownFileType = sourcecode.swift; path = CP_UIUITests.swift; sourceTree = "<group>"; };
		ED0F352C23D8F8D8003997D0 /* Info.plist */ = {isa = PBXFileReference; lastKnownFileType = text.plist.xml; path = Info.plist; sourceTree = "<group>"; };
/* End PBXFileReference section */

/* Begin PBXFrameworksBuildPhase section */
		ED0F350223D8F8D5003997D0 /* Frameworks */ = {
			isa = PBXFrameworksBuildPhase;
			buildActionMask = 2147483647;
			files = (
			);
			runOnlyForDeploymentPostprocessing = 0;
		};
		ED0F351823D8F8D8003997D0 /* Frameworks */ = {
			isa = PBXFrameworksBuildPhase;
			buildActionMask = 2147483647;
			files = (
			);
			runOnlyForDeploymentPostprocessing = 0;
		};
		ED0F352323D8F8D8003997D0 /* Frameworks */ = {
			isa = PBXFrameworksBuildPhase;
			buildActionMask = 2147483647;
			files = (
			);
			runOnlyForDeploymentPostprocessing = 0;
		};
/* End PBXFrameworksBuildPhase section */

/* Begin PBXGroup section */
		ED0F34FC23D8F8D5003997D0 = {
			isa = PBXGroup;
			children = (
				ED0F350723D8F8D5003997D0 /* CP_UI */,
				ED0F351E23D8F8D8003997D0 /* CP_UITests */,
				ED0F352923D8F8D8003997D0 /* CP_UIUITests */,
				ED0F350623D8F8D5003997D0 /* Products */,
			);
			sourceTree = "<group>";
		};
		ED0F350623D8F8D5003997D0 /* Products */ = {
			isa = PBXGroup;
			children = (
				ED0F350523D8F8D5003997D0 /* CP_UI.app */,
				ED0F351B23D8F8D8003997D0 /* CP_UITests.xctest */,
				ED0F352623D8F8D8003997D0 /* CP_UIUITests.xctest */,
			);
			name = Products;
			sourceTree = "<group>";
		};
		ED0F350723D8F8D5003997D0 /* CP_UI */ = {
			isa = PBXGroup;
			children = (
				ED0F350823D8F8D5003997D0 /* AppDelegate.swift */,
				ED0F350A23D8F8D5003997D0 /* SceneDelegate.swift */,
				ED0F350C23D8F8D5003997D0 /* ContentView.swift */,
				ED0F350E23D8F8D7003997D0 /* Assets.xcassets */,
				ED0F351323D8F8D7003997D0 /* LaunchScreen.storyboard */,
				3FE32FE123FAF27F00BD1A7E /* View.xib */,
				3FE32FDD23FAF1D500BD1A7E /* Main.storyboard */,
				ED0F351623D8F8D7003997D0 /* Info.plist */,
				ED0F351023D8F8D7003997D0 /* Preview Content */,
			);
			path = CP_UI;
			sourceTree = "<group>";
		};
		ED0F351023D8F8D7003997D0 /* Preview Content */ = {
			isa = PBXGroup;
			children = (
				ED0F351123D8F8D7003997D0 /* Preview Assets.xcassets */,
			);
			path = "Preview Content";
			sourceTree = "<group>";
		};
		ED0F351E23D8F8D8003997D0 /* CP_UITests */ = {
			isa = PBXGroup;
			children = (
				ED0F351F23D8F8D8003997D0 /* CP_UITests.swift */,
				ED0F352123D8F8D8003997D0 /* Info.plist */,
			);
			path = CP_UITests;
			sourceTree = "<group>";
		};
		ED0F352923D8F8D8003997D0 /* CP_UIUITests */ = {
			isa = PBXGroup;
			children = (
				ED0F352A23D8F8D8003997D0 /* CP_UIUITests.swift */,
				ED0F352C23D8F8D8003997D0 /* Info.plist */,
			);
			path = CP_UIUITests;
			sourceTree = "<group>";
		};
/* End PBXGroup section */

/* Begin PBXNativeTarget section */
		ED0F350423D8F8D5003997D0 /* CP_UI */ = {
			isa = PBXNativeTarget;
			buildConfigurationList = ED0F352F23D8F8D8003997D0 /* Build configuration list for PBXNativeTarget "CP_UI" */;
			buildPhases = (
				ED0F350123D8F8D5003997D0 /* Sources */,
				ED0F350223D8F8D5003997D0 /* Frameworks */,
				ED0F350323D8F8D5003997D0 /* Resources */,
			);
			buildRules = (
			);
			dependencies = (
			);
			name = CP_UI;
			productName = CP_UI;
			productReference = ED0F350523D8F8D5003997D0 /* CP_UI.app */;
			productType = "com.apple.product-type.application";
		};
		ED0F351A23D8F8D8003997D0 /* CP_UITests */ = {
			isa = PBXNativeTarget;
			buildConfigurationList = ED0F353223D8F8D8003997D0 /* Build configuration list for PBXNativeTarget "CP_UITests" */;
			buildPhases = (
				ED0F351723D8F8D8003997D0 /* Sources */,
				ED0F351823D8F8D8003997D0 /* Frameworks */,
				ED0F351923D8F8D8003997D0 /* Resources */,
			);
			buildRules = (
			);
			dependencies = (
				ED0F351D23D8F8D8003997D0 /* PBXTargetDependency */,
			);
			name = CP_UITests;
			productName = CP_UITests;
			productReference = ED0F351B23D8F8D8003997D0 /* CP_UITests.xctest */;
			productType = "com.apple.product-type.bundle.unit-test";
		};
		ED0F352523D8F8D8003997D0 /* CP_UIUITests */ = {
			isa = PBXNativeTarget;
			buildConfigurationList = ED0F353523D8F8D8003997D0 /* Build configuration list for PBXNativeTarget "CP_UIUITests" */;
			buildPhases = (
				ED0F352223D8F8D8003997D0 /* Sources */,
				ED0F352323D8F8D8003997D0 /* Frameworks */,
				ED0F352423D8F8D8003997D0 /* Resources */,
			);
			buildRules = (
			);
			dependencies = (
				ED0F352823D8F8D8003997D0 /* PBXTargetDependency */,
			);
			name = CP_UIUITests;
			productName = CP_UIUITests;
			productReference = ED0F352623D8F8D8003997D0 /* CP_UIUITests.xctest */;
			productType = "com.apple.product-type.bundle.ui-testing";
		};
/* End PBXNativeTarget section */

/* Begin PBXProject section */
		ED0F34FD23D8F8D5003997D0 /* Project object */ = {
			isa = PBXProject;
			attributes = {
				LastSwiftUpdateCheck = 1130;
				LastUpgradeCheck = 1130;
				ORGANIZATIONNAME = "Kayla Butler";
				TargetAttributes = {
					ED0F350423D8F8D5003997D0 = {
						CreatedOnToolsVersion = 11.3;
					};
					ED0F351A23D8F8D8003997D0 = {
						CreatedOnToolsVersion = 11.3;
						TestTargetID = ED0F350423D8F8D5003997D0;
					};
					ED0F352523D8F8D8003997D0 = {
						CreatedOnToolsVersion = 11.3;
						TestTargetID = ED0F350423D8F8D5003997D0;
					};
				};
			};
			buildConfigurationList = ED0F350023D8F8D5003997D0 /* Build configuration list for PBXProject "CP_UI" */;
			compatibilityVersion = "Xcode 9.3";
			developmentRegion = en;
			hasScannedForEncodings = 0;
			knownRegions = (
				en,
				Base,
			);
			mainGroup = ED0F34FC23D8F8D5003997D0;
			productRefGroup = ED0F350623D8F8D5003997D0 /* Products */;
			projectDirPath = "";
			projectRoot = "";
			targets = (
				ED0F350423D8F8D5003997D0 /* CP_UI */,
				ED0F351A23D8F8D8003997D0 /* CP_UITests */,
				ED0F352523D8F8D8003997D0 /* CP_UIUITests */,
			);
		};
/* End PBXProject section */

/* Begin PBXResourcesBuildPhase section */
		ED0F350323D8F8D5003997D0 /* Resources */ = {
			isa = PBXResourcesBuildPhase;
			buildActionMask = 2147483647;
			files = (
				ED0F351523D8F8D7003997D0 /* LaunchScreen.storyboard in Resources */,
				ED0F351223D8F8D7003997D0 /* Preview Assets.xcassets in Resources */,
				ED0F350F23D8F8D7003997D0 /* Assets.xcassets in Resources */,
				3FE32FE223FAF27F00BD1A7E /* View.xib in Resources */,
				3FE32FDE23FAF1D500BD1A7E /* Main.storyboard in Resources */,
			);
			runOnlyForDeploymentPostprocessing = 0;
		};
		ED0F351923D8F8D8003997D0 /* Resources */ = {
			isa = PBXResourcesBuildPhase;
			buildActionMask = 2147483647;
			files = (
			);
			runOnlyForDeploymentPostprocessing = 0;
		};
		ED0F352423D8F8D8003997D0 /* Resources */ = {
			isa = PBXResourcesBuildPhase;
			buildActionMask = 2147483647;
			files = (
			);
			runOnlyForDeploymentPostprocessing = 0;
		};
/* End PBXResourcesBuildPhase section */

/* Begin PBXSourcesBuildPhase section */
		ED0F350123D8F8D5003997D0 /* Sources */ = {
			isa = PBXSourcesBuildPhase;
			buildActionMask = 2147483647;
			files = (
				ED0F350923D8F8D5003997D0 /* AppDelegate.swift in Sources */,
				ED0F350B23D8F8D5003997D0 /* SceneDelegate.swift in Sources */,
				ED0F350D23D8F8D5003997D0 /* ContentView.swift in Sources */,
			);
			runOnlyForDeploymentPostprocessing = 0;
		};
		ED0F351723D8F8D8003997D0 /* Sources */ = {
			isa = PBXSourcesBuildPhase;
			buildActionMask = 2147483647;
			files = (
				ED0F352023D8F8D8003997D0 /* CP_UITests.swift in Sources */,
			);
			runOnlyForDeploymentPostprocessing = 0;
		};
		ED0F352223D8F8D8003997D0 /* Sources */ = {
			isa = PBXSourcesBuildPhase;
			buildActionMask = 2147483647;
			files = (
				ED0F352B23D8F8D8003997D0 /* CP_UIUITests.swift in Sources */,
			);
			runOnlyForDeploymentPostprocessing = 0;
		};
/* End PBXSourcesBuildPhase section */

/* Begin PBXTargetDependency section */
		ED0F351D23D8F8D8003997D0 /* PBXTargetDependency */ = {
			isa = PBXTargetDependency;
			target = ED0F350423D8F8D5003997D0 /* CP_UI */;
			targetProxy = ED0F351C23D8F8D8003997D0 /* PBXContainerItemProxy */;
		};
		ED0F352823D8F8D8003997D0 /* PBXTargetDependency */ = {
			isa = PBXTargetDependency;
			target = ED0F350423D8F8D5003997D0 /* CP_UI */;
			targetProxy = ED0F352723D8F8D8003997D0 /* PBXContainerItemProxy */;
		};
/* End PBXTargetDependency section */

/* Begin PBXVariantGroup section */
		ED0F351323D8F8D7003997D0 /* LaunchScreen.storyboard */ = {
			isa = PBXVariantGroup;
			children = (
				ED0F351423D8F8D7003997D0 /* Base */,
			);
			name = LaunchScreen.storyboard;
			sourceTree = "<group>";
		};
/* End PBXVariantGroup section */

/* Begin XCBuildConfiguration section */
		ED0F352D23D8F8D8003997D0 /* Debug */ = {
			isa = XCBuildConfiguration;
			buildSettings = {
				ALWAYS_SEARCH_USER_PATHS = NO;
				CLANG_ANALYZER_NONNULL = YES;
				CLANG_ANALYZER_NUMBER_OBJECT_CONVERSION = YES_AGGRESSIVE;
				CLANG_CXX_LANGUAGE_STANDARD = "gnu++14";
				CLANG_CXX_LIBRARY = "libc++";
				CLANG_ENABLE_MODULES = YES;
				CLANG_ENABLE_OBJC_ARC = YES;
				CLANG_ENABLE_OBJC_WEAK = YES;
				CLANG_WARN_BLOCK_CAPTURE_AUTORELEASING = YES;
				CLANG_WARN_BOOL_CONVERSION = YES;
				CLANG_WARN_COMMA = YES;
				CLANG_WARN_CONSTANT_CONVERSION = YES;
				CLANG_WARN_DEPRECATED_OBJC_IMPLEMENTATIONS = YES;
				CLANG_WARN_DIRECT_OBJC_ISA_USAGE = YES_ERROR;
				CLANG_WARN_DOCUMENTATION_COMMENTS = YES;
				CLANG_WARN_EMPTY_BODY = YES;
				CLANG_WARN_ENUM_CONVERSION = YES;
				CLANG_WARN_INFINITE_RECURSION = YES;
				CLANG_WARN_INT_CONVERSION = YES;
				CLANG_WARN_NON_LITERAL_NULL_CONVERSION = YES;
				CLANG_WARN_OBJC_IMPLICIT_RETAIN_SELF = YES;
				CLANG_WARN_OBJC_LITERAL_CONVERSION = YES;
				CLANG_WARN_OBJC_ROOT_CLASS = YES_ERROR;
				CLANG_WARN_RANGE_LOOP_ANALYSIS = YES;
				CLANG_WARN_STRICT_PROTOTYPES = YES;
				CLANG_WARN_SUSPICIOUS_MOVE = YES;
				CLANG_WARN_UNGUARDED_AVAILABILITY = YES_AGGRESSIVE;
				CLANG_WARN_UNREACHABLE_CODE = YES;
				CLANG_WARN__DUPLICATE_METHOD_MATCH = YES;
				COPY_PHASE_STRIP = NO;
				DEBUG_INFORMATION_FORMAT = dwarf;
				ENABLE_STRICT_OBJC_MSGSEND = YES;
				ENABLE_TESTABILITY = YES;
				GCC_C_LANGUAGE_STANDARD = gnu11;
				GCC_DYNAMIC_NO_PIC = NO;
				GCC_NO_COMMON_BLOCKS = YES;
				GCC_OPTIMIZATION_LEVEL = 0;
				GCC_PREPROCESSOR_DEFINITIONS = (
					"DEBUG=1",
					"$(inherited)",
				);
				GCC_WARN_64_TO_32_BIT_CONVERSION = YES;
				GCC_WARN_ABOUT_RETURN_TYPE = YES_ERROR;
				GCC_WARN_UNDECLARED_SELECTOR = YES;
				GCC_WARN_UNINITIALIZED_AUTOS = YES_AGGRESSIVE;
				GCC_WARN_UNUSED_FUNCTION = YES;
				GCC_WARN_UNUSED_VARIABLE = YES;
				IPHONEOS_DEPLOYMENT_TARGET = 13.2;
				MTL_ENABLE_DEBUG_INFO = INCLUDE_SOURCE;
				MTL_FAST_MATH = YES;
				ONLY_ACTIVE_ARCH = YES;
				SDKROOT = iphoneos;
				SWIFT_ACTIVE_COMPILATION_CONDITIONS = DEBUG;
				SWIFT_OPTIMIZATION_LEVEL = "-Onone";
			};
			name = Debug;
		};
		ED0F352E23D8F8D8003997D0 /* Release */ = {
			isa = XCBuildConfiguration;
			buildSettings = {
				ALWAYS_SEARCH_USER_PATHS = NO;
				CLANG_ANALYZER_NONNULL = YES;
				CLANG_ANALYZER_NUMBER_OBJECT_CONVERSION = YES_AGGRESSIVE;
				CLANG_CXX_LANGUAGE_STANDARD = "gnu++14";
				CLANG_CXX_LIBRARY = "libc++";
				CLANG_ENABLE_MODULES = YES;
				CLANG_ENABLE_OBJC_ARC = YES;
				CLANG_ENABLE_OBJC_WEAK = YES;
				CLANG_WARN_BLOCK_CAPTURE_AUTORELEASING = YES;
				CLANG_WARN_BOOL_CONVERSION = YES;
				CLANG_WARN_COMMA = YES;
				CLANG_WARN_CONSTANT_CONVERSION = YES;
				CLANG_WARN_DEPRECATED_OBJC_IMPLEMENTATIONS = YES;
				CLANG_WARN_DIRECT_OBJC_ISA_USAGE = YES_ERROR;
				CLANG_WARN_DOCUMENTATION_COMMENTS = YES;
				CLANG_WARN_EMPTY_BODY = YES;
				CLANG_WARN_ENUM_CONVERSION = YES;
				CLANG_WARN_INFINITE_RECURSION = YES;
				CLANG_WARN_INT_CONVERSION = YES;
				CLANG_WARN_NON_LITERAL_NULL_CONVERSION = YES;
				CLANG_WARN_OBJC_IMPLICIT_RETAIN_SELF = YES;
				CLANG_WARN_OBJC_LITERAL_CONVERSION = YES;
				CLANG_WARN_OBJC_ROOT_CLASS = YES_ERROR;
				CLANG_WARN_RANGE_LOOP_ANALYSIS = YES;
				CLANG_WARN_STRICT_PROTOTYPES = YES;
				CLANG_WARN_SUSPICIOUS_MOVE = YES;
				CLANG_WARN_UNGUARDED_AVAILABILITY = YES_AGGRESSIVE;
				CLANG_WARN_UNREACHABLE_CODE = YES;
				CLANG_WARN__DUPLICATE_METHOD_MATCH = YES;
				COPY_PHASE_STRIP = NO;
				DEBUG_INFORMATION_FORMAT = "dwarf-with-dsym";
				ENABLE_NS_ASSERTIONS = NO;
				ENABLE_STRICT_OBJC_MSGSEND = YES;
				GCC_C_LANGUAGE_STANDARD = gnu11;
				GCC_NO_COMMON_BLOCKS = YES;
				GCC_WARN_64_TO_32_BIT_CONVERSION = YES;
				GCC_WARN_ABOUT_RETURN_TYPE = YES_ERROR;
				GCC_WARN_UNDECLARED_SELECTOR = YES;
				GCC_WARN_UNINITIALIZED_AUTOS = YES_AGGRESSIVE;
				GCC_WARN_UNUSED_FUNCTION = YES;
				GCC_WARN_UNUSED_VARIABLE = YES;
				IPHONEOS_DEPLOYMENT_TARGET = 13.2;
				MTL_ENABLE_DEBUG_INFO = NO;
				MTL_FAST_MATH = YES;
				SDKROOT = iphoneos;
				SWIFT_COMPILATION_MODE = wholemodule;
				SWIFT_OPTIMIZATION_LEVEL = "-O";
				VALIDATE_PRODUCT = YES;
			};
			name = Release;
		};
		ED0F353023D8F8D8003997D0 /* Debug */ = {
			isa = XCBuildConfiguration;
			buildSettings = {
				ASSETCATALOG_COMPILER_APPICON_NAME = AppIcon;
				CODE_SIGN_STYLE = Automatic;
				DEVELOPMENT_ASSET_PATHS = "\"CP_UI/Preview Content\"";
				ENABLE_PREVIEWS = YES;
				INFOPLIST_FILE = CP_UI/Info.plist;
				LD_RUNPATH_SEARCH_PATHS = (
					"$(inherited)",
					"@executable_path/Frameworks",
				);
				PRODUCT_BUNDLE_IDENTIFIER = "Kayla-Butler.CP-UI";
				PRODUCT_NAME = "$(TARGET_NAME)";
				SWIFT_VERSION = 5.0;
				TARGETED_DEVICE_FAMILY = "1,2";
			};
			name = Debug;
		};
		ED0F353123D8F8D8003997D0 /* Release */ = {
			isa = XCBuildConfiguration;
			buildSettings = {
				ASSETCATALOG_COMPILER_APPICON_NAME = AppIcon;
				CODE_SIGN_STYLE = Automatic;
				DEVELOPMENT_ASSET_PATHS = "\"CP_UI/Preview Content\"";
				ENABLE_PREVIEWS = YES;
				INFOPLIST_FILE = CP_UI/Info.plist;
				LD_RUNPATH_SEARCH_PATHS = (
					"$(inherited)",
					"@executable_path/Frameworks",
				);
				PRODUCT_BUNDLE_IDENTIFIER = "Kayla-Butler.CP-UI";
				PRODUCT_NAME = "$(TARGET_NAME)";
				SWIFT_VERSION = 5.0;
				TARGETED_DEVICE_FAMILY = "1,2";
			};
			name = Release;
		};
		ED0F353323D8F8D8003997D0 /* Debug */ = {
			isa = XCBuildConfiguration;
			buildSettings = {
				ALWAYS_EMBED_SWIFT_STANDARD_LIBRARIES = YES;
				BUNDLE_LOADER = "$(TEST_HOST)";
				CODE_SIGN_STYLE = Automatic;
				INFOPLIST_FILE = CP_UITests/Info.plist;
				IPHONEOS_DEPLOYMENT_TARGET = 13.2;
				LD_RUNPATH_SEARCH_PATHS = (
					"$(inherited)",
					"@executable_path/Frameworks",
					"@loader_path/Frameworks",
				);
				PRODUCT_BUNDLE_IDENTIFIER = "Kayla-Butler.CP-UITests";
				PRODUCT_NAME = "$(TARGET_NAME)";
				SWIFT_VERSION = 5.0;
				TARGETED_DEVICE_FAMILY = "1,2";
				TEST_HOST = "$(BUILT_PRODUCTS_DIR)/CP_UI.app/CP_UI";
			};
			name = Debug;
		};
		ED0F353423D8F8D8003997D0 /* Release */ = {
			isa = XCBuildConfiguration;
			buildSettings = {
				ALWAYS_EMBED_SWIFT_STANDARD_LIBRARIES = YES;
				BUNDLE_LOADER = "$(TEST_HOST)";
				CODE_SIGN_STYLE = Automatic;
				INFOPLIST_FILE = CP_UITests/Info.plist;
				IPHONEOS_DEPLOYMENT_TARGET = 13.2;
				LD_RUNPATH_SEARCH_PATHS = (
					"$(inherited)",
					"@executable_path/Frameworks",
					"@loader_path/Frameworks",
				);
				PRODUCT_BUNDLE_IDENTIFIER = "Kayla-Butler.CP-UITests";
				PRODUCT_NAME = "$(TARGET_NAME)";
				SWIFT_VERSION = 5.0;
				TARGETED_DEVICE_FAMILY = "1,2";
				TEST_HOST = "$(BUILT_PRODUCTS_DIR)/CP_UI.app/CP_UI";
			};
			name = Release;
		};
		ED0F353623D8F8D8003997D0 /* Debug */ = {
			isa = XCBuildConfiguration;
			buildSettings = {
				ALWAYS_EMBED_SWIFT_STANDARD_LIBRARIES = YES;
				CODE_SIGN_STYLE = Automatic;
				INFOPLIST_FILE = CP_UIUITests/Info.plist;
				LD_RUNPATH_SEARCH_PATHS = (
					"$(inherited)",
					"@executable_path/Frameworks",
					"@loader_path/Frameworks",
				);
				PRODUCT_BUNDLE_IDENTIFIER = "Kayla-Butler.CP-UIUITests";
				PRODUCT_NAME = "$(TARGET_NAME)";
				SWIFT_VERSION = 5.0;
				TARGETED_DEVICE_FAMILY = "1,2";
				TEST_TARGET_NAME = CP_UI;
			};
			name = Debug;
		};
		ED0F353723D8F8D8003997D0 /* Release */ = {
			isa = XCBuildConfiguration;
			buildSettings = {
				ALWAYS_EMBED_SWIFT_STANDARD_LIBRARIES = YES;
				CODE_SIGN_STYLE = Automatic;
				INFOPLIST_FILE = CP_UIUITests/Info.plist;
				LD_RUNPATH_SEARCH_PATHS = (
					"$(inherited)",
					"@executable_path/Frameworks",
					"@loader_path/Frameworks",
				);
				PRODUCT_BUNDLE_IDENTIFIER = "Kayla-Butler.CP-UIUITests";
				PRODUCT_NAME = "$(TARGET_NAME)";
				SWIFT_VERSION = 5.0;
				TARGETED_DEVICE_FAMILY = "1,2";
				TEST_TARGET_NAME = CP_UI;
			};
			name = Release;
		};
/* End XCBuildConfiguration section */

/* Begin XCConfigurationList section */
		ED0F350023D8F8D5003997D0 /* Build configuration list for PBXProject "CP_UI" */ = {
			isa = XCConfigurationList;
			buildConfigurations = (
				ED0F352D23D8F8D8003997D0 /* Debug */,
				ED0F352E23D8F8D8003997D0 /* Release */,
			);
			defaultConfigurationIsVisible = 0;
			defaultConfigurationName = Release;
		};
		ED0F352F23D8F8D8003997D0 /* Build configuration list for PBXNativeTarget "CP_UI" */ = {
			isa = XCConfigurationList;
			buildConfigurations = (
				ED0F353023D8F8D8003997D0 /* Debug */,
				ED0F353123D8F8D8003997D0 /* Release */,
			);
			defaultConfigurationIsVisible = 0;
			defaultConfigurationName = Release;
		};
		ED0F353223D8F8D8003997D0 /* Build configuration list for PBXNativeTarget "CP_UITests" */ = {
			isa = XCConfigurationList;
			buildConfigurations = (
				ED0F353323D8F8D8003997D0 /* Debug */,
				ED0F353423D8F8D8003997D0 /* Release */,
			);
			defaultConfigurationIsVisible = 0;
			defaultConfigurationName = Release;
		};
		ED0F353523D8F8D8003997D0 /* Build configuration list for PBXNativeTarget "CP_UIUITests" */ = {
			isa = XCConfigurationList;
			buildConfigurations = (
				ED0F353623D8F8D8003997D0 /* Debug */,
				ED0F353723D8F8D8003997D0 /* Release */,
			);
			defaultConfigurationIsVisible = 0;
			defaultConfigurationName = Release;
		};
/* End XCConfigurationList section */
	};
	rootObject = ED0F34FD23D8F8D5003997D0 /* Project object */;
}
