// !$*UTF8*$!
{
	archiveVersion = 1;
	classes = {
	};
	objectVersion = 50;
	objects = {

/* Begin PBXBuildFile section */
		ABDDE51A23F25BED00B7A0D0 /* AppDelegate.swift in Sources */ = {isa = PBXBuildFile; fileRef = ABDDE51923F25BED00B7A0D0 /* AppDelegate.swift */; };
		ABDDE51C23F25BED00B7A0D0 /* SceneDelegate.swift in Sources */ = {isa = PBXBuildFile; fileRef = ABDDE51B23F25BED00B7A0D0 /* SceneDelegate.swift */; };
		ABDDE51E23F25BED00B7A0D0 /* ViewController.swift in Sources */ = {isa = PBXBuildFile; fileRef = ABDDE51D23F25BED00B7A0D0 /* ViewController.swift */; };
		ABDDE52123F25BED00B7A0D0 /* Main.storyboard in Resources */ = {isa = PBXBuildFile; fileRef = ABDDE51F23F25BED00B7A0D0 /* Main.storyboard */; };
		ABDDE52423F25BED00B7A0D0 /* forgotpass.xcdatamodeld in Sources */ = {isa = PBXBuildFile; fileRef = ABDDE52223F25BED00B7A0D0 /* forgotpass.xcdatamodeld */; };
		ABDDE52623F25BF100B7A0D0 /* Assets.xcassets in Resources */ = {isa = PBXBuildFile; fileRef = ABDDE52523F25BF100B7A0D0 /* Assets.xcassets */; };
		ABDDE52923F25BF100B7A0D0 /* LaunchScreen.storyboard in Resources */ = {isa = PBXBuildFile; fileRef = ABDDE52723F25BF100B7A0D0 /* LaunchScreen.storyboard */; };
		ABDDE53423F25BF100B7A0D0 /* forgotpassTests.swift in Sources */ = {isa = PBXBuildFile; fileRef = ABDDE53323F25BF100B7A0D0 /* forgotpassTests.swift */; };
		ABDDE53F23F25BF100B7A0D0 /* forgotpassUITests.swift in Sources */ = {isa = PBXBuildFile; fileRef = ABDDE53E23F25BF100B7A0D0 /* forgotpassUITests.swift */; };
/* End PBXBuildFile section */

/* Begin PBXContainerItemProxy section */
		ABDDE53023F25BF100B7A0D0 /* PBXContainerItemProxy */ = {
			isa = PBXContainerItemProxy;
			containerPortal = ABDDE50E23F25BED00B7A0D0 /* Project object */;
			proxyType = 1;
			remoteGlobalIDString = ABDDE51523F25BED00B7A0D0;
			remoteInfo = forgotpass;
		};
		ABDDE53B23F25BF100B7A0D0 /* PBXContainerItemProxy */ = {
			isa = PBXContainerItemProxy;
			containerPortal = ABDDE50E23F25BED00B7A0D0 /* Project object */;
			proxyType = 1;
			remoteGlobalIDString = ABDDE51523F25BED00B7A0D0;
			remoteInfo = forgotpass;
		};
/* End PBXContainerItemProxy section */

/* Begin PBXFileReference section */
		ABDDE51623F25BED00B7A0D0 /* forgotpass.app */ = {isa = PBXFileReference; explicitFileType = wrapper.application; includeInIndex = 0; path = forgotpass.app; sourceTree = BUILT_PRODUCTS_DIR; };
		ABDDE51923F25BED00B7A0D0 /* AppDelegate.swift */ = {isa = PBXFileReference; lastKnownFileType = sourcecode.swift; path = AppDelegate.swift; sourceTree = "<group>"; };
		ABDDE51B23F25BED00B7A0D0 /* SceneDelegate.swift */ = {isa = PBXFileReference; lastKnownFileType = sourcecode.swift; path = SceneDelegate.swift; sourceTree = "<group>"; };
		ABDDE51D23F25BED00B7A0D0 /* ViewController.swift */ = {isa = PBXFileReference; lastKnownFileType = sourcecode.swift; path = ViewController.swift; sourceTree = "<group>"; };
		ABDDE52023F25BED00B7A0D0 /* Base */ = {isa = PBXFileReference; lastKnownFileType = file.storyboard; name = Base; path = Base.lproj/Main.storyboard; sourceTree = "<group>"; };
		ABDDE52323F25BED00B7A0D0 /* forgotpass.xcdatamodel */ = {isa = PBXFileReference; lastKnownFileType = wrapper.xcdatamodel; path = forgotpass.xcdatamodel; sourceTree = "<group>"; };
		ABDDE52523F25BF100B7A0D0 /* Assets.xcassets */ = {isa = PBXFileReference; lastKnownFileType = folder.assetcatalog; path = Assets.xcassets; sourceTree = "<group>"; };
		ABDDE52823F25BF100B7A0D0 /* Base */ = {isa = PBXFileReference; lastKnownFileType = file.storyboard; name = Base; path = Base.lproj/LaunchScreen.storyboard; sourceTree = "<group>"; };
		ABDDE52A23F25BF100B7A0D0 /* Info.plist */ = {isa = PBXFileReference; lastKnownFileType = text.plist.xml; path = Info.plist; sourceTree = "<group>"; };
		ABDDE52F23F25BF100B7A0D0 /* forgotpassTests.xctest */ = {isa = PBXFileReference; explicitFileType = wrapper.cfbundle; includeInIndex = 0; path = forgotpassTests.xctest; sourceTree = BUILT_PRODUCTS_DIR; };
		ABDDE53323F25BF100B7A0D0 /* forgotpassTests.swift */ = {isa = PBXFileReference; lastKnownFileType = sourcecode.swift; path = forgotpassTests.swift; sourceTree = "<group>"; };
		ABDDE53523F25BF100B7A0D0 /* Info.plist */ = {isa = PBXFileReference; lastKnownFileType = text.plist.xml; path = Info.plist; sourceTree = "<group>"; };
		ABDDE53A23F25BF100B7A0D0 /* forgotpassUITests.xctest */ = {isa = PBXFileReference; explicitFileType = wrapper.cfbundle; includeInIndex = 0; path = forgotpassUITests.xctest; sourceTree = BUILT_PRODUCTS_DIR; };
		ABDDE53E23F25BF100B7A0D0 /* forgotpassUITests.swift */ = {isa = PBXFileReference; lastKnownFileType = sourcecode.swift; path = forgotpassUITests.swift; sourceTree = "<group>"; };
		ABDDE54023F25BF100B7A0D0 /* Info.plist */ = {isa = PBXFileReference; lastKnownFileType = text.plist.xml; path = Info.plist; sourceTree = "<group>"; };
/* End PBXFileReference section */

/* Begin PBXFrameworksBuildPhase section */
		ABDDE51323F25BED00B7A0D0 /* Frameworks */ = {
			isa = PBXFrameworksBuildPhase;
			buildActionMask = 2147483647;
			files = (
			);
			runOnlyForDeploymentPostprocessing = 0;
		};
		ABDDE52C23F25BF100B7A0D0 /* Frameworks */ = {
			isa = PBXFrameworksBuildPhase;
			buildActionMask = 2147483647;
			files = (
			);
			runOnlyForDeploymentPostprocessing = 0;
		};
		ABDDE53723F25BF100B7A0D0 /* Frameworks */ = {
			isa = PBXFrameworksBuildPhase;
			buildActionMask = 2147483647;
			files = (
			);
			runOnlyForDeploymentPostprocessing = 0;
		};
/* End PBXFrameworksBuildPhase section */

/* Begin PBXGroup section */
		ABDDE50D23F25BED00B7A0D0 = {
			isa = PBXGroup;
			children = (
				ABDDE51823F25BED00B7A0D0 /* forgotpass */,
				ABDDE53223F25BF100B7A0D0 /* forgotpassTests */,
				ABDDE53D23F25BF100B7A0D0 /* forgotpassUITests */,
				ABDDE51723F25BED00B7A0D0 /* Products */,
			);
			sourceTree = "<group>";
		};
		ABDDE51723F25BED00B7A0D0 /* Products */ = {
			isa = PBXGroup;
			children = (
				ABDDE51623F25BED00B7A0D0 /* forgotpass.app */,
				ABDDE52F23F25BF100B7A0D0 /* forgotpassTests.xctest */,
				ABDDE53A23F25BF100B7A0D0 /* forgotpassUITests.xctest */,
			);
			name = Products;
			sourceTree = "<group>";
		};
		ABDDE51823F25BED00B7A0D0 /* forgotpass */ = {
			isa = PBXGroup;
			children = (
				ABDDE51923F25BED00B7A0D0 /* AppDelegate.swift */,
				ABDDE51B23F25BED00B7A0D0 /* SceneDelegate.swift */,
				ABDDE51D23F25BED00B7A0D0 /* ViewController.swift */,
				ABDDE51F23F25BED00B7A0D0 /* Main.storyboard */,
				ABDDE52523F25BF100B7A0D0 /* Assets.xcassets */,
				ABDDE52723F25BF100B7A0D0 /* LaunchScreen.storyboard */,
				ABDDE52A23F25BF100B7A0D0 /* Info.plist */,
				ABDDE52223F25BED00B7A0D0 /* forgotpass.xcdatamodeld */,
			);
			path = forgotpass;
			sourceTree = "<group>";
		};
		ABDDE53223F25BF100B7A0D0 /* forgotpassTests */ = {
			isa = PBXGroup;
			children = (
				ABDDE53323F25BF100B7A0D0 /* forgotpassTests.swift */,
				ABDDE53523F25BF100B7A0D0 /* Info.plist */,
			);
			path = forgotpassTests;
			sourceTree = "<group>";
		};
		ABDDE53D23F25BF100B7A0D0 /* forgotpassUITests */ = {
			isa = PBXGroup;
			children = (
				ABDDE53E23F25BF100B7A0D0 /* forgotpassUITests.swift */,
				ABDDE54023F25BF100B7A0D0 /* Info.plist */,
			);
			path = forgotpassUITests;
			sourceTree = "<group>";
		};
/* End PBXGroup section */

/* Begin PBXNativeTarget section */
		ABDDE51523F25BED00B7A0D0 /* forgotpass */ = {
			isa = PBXNativeTarget;
			buildConfigurationList = ABDDE54323F25BF100B7A0D0 /* Build configuration list for PBXNativeTarget "forgotpass" */;
			buildPhases = (
				ABDDE51223F25BED00B7A0D0 /* Sources */,
				ABDDE51323F25BED00B7A0D0 /* Frameworks */,
				ABDDE51423F25BED00B7A0D0 /* Resources */,
			);
			buildRules = (
			);
			dependencies = (
			);
			name = forgotpass;
			productName = forgotpass;
			productReference = ABDDE51623F25BED00B7A0D0 /* forgotpass.app */;
			productType = "com.apple.product-type.application";
		};
		ABDDE52E23F25BF100B7A0D0 /* forgotpassTests */ = {
			isa = PBXNativeTarget;
			buildConfigurationList = ABDDE54623F25BF100B7A0D0 /* Build configuration list for PBXNativeTarget "forgotpassTests" */;
			buildPhases = (
				ABDDE52B23F25BF100B7A0D0 /* Sources */,
				ABDDE52C23F25BF100B7A0D0 /* Frameworks */,
				ABDDE52D23F25BF100B7A0D0 /* Resources */,
			);
			buildRules = (
			);
			dependencies = (
				ABDDE53123F25BF100B7A0D0 /* PBXTargetDependency */,
			);
			name = forgotpassTests;
			productName = forgotpassTests;
			productReference = ABDDE52F23F25BF100B7A0D0 /* forgotpassTests.xctest */;
			productType = "com.apple.product-type.bundle.unit-test";
		};
		ABDDE53923F25BF100B7A0D0 /* forgotpassUITests */ = {
			isa = PBXNativeTarget;
			buildConfigurationList = ABDDE54923F25BF100B7A0D0 /* Build configuration list for PBXNativeTarget "forgotpassUITests" */;
			buildPhases = (
				ABDDE53623F25BF100B7A0D0 /* Sources */,
				ABDDE53723F25BF100B7A0D0 /* Frameworks */,
				ABDDE53823F25BF100B7A0D0 /* Resources */,
			);
			buildRules = (
			);
			dependencies = (
				ABDDE53C23F25BF100B7A0D0 /* PBXTargetDependency */,
			);
			name = forgotpassUITests;
			productName = forgotpassUITests;
			productReference = ABDDE53A23F25BF100B7A0D0 /* forgotpassUITests.xctest */;
			productType = "com.apple.product-type.bundle.ui-testing";
		};
/* End PBXNativeTarget section */

/* Begin PBXProject section */
		ABDDE50E23F25BED00B7A0D0 /* Project object */ = {
			isa = PBXProject;
			attributes = {
				LastSwiftUpdateCheck = 1120;
				LastUpgradeCheck = 1120;
				ORGANIZATIONNAME = "Angelica Chinma Ajoku";
				TargetAttributes = {
					ABDDE51523F25BED00B7A0D0 = {
						CreatedOnToolsVersion = 11.2.1;
					};
					ABDDE52E23F25BF100B7A0D0 = {
						CreatedOnToolsVersion = 11.2.1;
						TestTargetID = ABDDE51523F25BED00B7A0D0;
					};
					ABDDE53923F25BF100B7A0D0 = {
						CreatedOnToolsVersion = 11.2.1;
						TestTargetID = ABDDE51523F25BED00B7A0D0;
					};
				};
			};
			buildConfigurationList = ABDDE51123F25BED00B7A0D0 /* Build configuration list for PBXProject "forgotpass" */;
			compatibilityVersion = "Xcode 9.3";
			developmentRegion = en;
			hasScannedForEncodings = 0;
			knownRegions = (
				en,
				Base,
			);
			mainGroup = ABDDE50D23F25BED00B7A0D0;
			productRefGroup = ABDDE51723F25BED00B7A0D0 /* Products */;
			projectDirPath = "";
			projectRoot = "";
			targets = (
				ABDDE51523F25BED00B7A0D0 /* forgotpass */,
				ABDDE52E23F25BF100B7A0D0 /* forgotpassTests */,
				ABDDE53923F25BF100B7A0D0 /* forgotpassUITests */,
			);
		};
/* End PBXProject section */

/* Begin PBXResourcesBuildPhase section */
		ABDDE51423F25BED00B7A0D0 /* Resources */ = {
			isa = PBXResourcesBuildPhase;
			buildActionMask = 2147483647;
			files = (
				ABDDE52923F25BF100B7A0D0 /* LaunchScreen.storyboard in Resources */,
				ABDDE52623F25BF100B7A0D0 /* Assets.xcassets in Resources */,
				ABDDE52123F25BED00B7A0D0 /* Main.storyboard in Resources */,
			);
			runOnlyForDeploymentPostprocessing = 0;
		};
		ABDDE52D23F25BF100B7A0D0 /* Resources */ = {
			isa = PBXResourcesBuildPhase;
			buildActionMask = 2147483647;
			files = (
			);
			runOnlyForDeploymentPostprocessing = 0;
		};
		ABDDE53823F25BF100B7A0D0 /* Resources */ = {
			isa = PBXResourcesBuildPhase;
			buildActionMask = 2147483647;
			files = (
			);
			runOnlyForDeploymentPostprocessing = 0;
		};
/* End PBXResourcesBuildPhase section */

/* Begin PBXSourcesBuildPhase section */
		ABDDE51223F25BED00B7A0D0 /* Sources */ = {
			isa = PBXSourcesBuildPhase;
			buildActionMask = 2147483647;
			files = (
				ABDDE51E23F25BED00B7A0D0 /* ViewController.swift in Sources */,
				ABDDE51A23F25BED00B7A0D0 /* AppDelegate.swift in Sources */,
				ABDDE51C23F25BED00B7A0D0 /* SceneDelegate.swift in Sources */,
				ABDDE52423F25BED00B7A0D0 /* forgotpass.xcdatamodeld in Sources */,
			);
			runOnlyForDeploymentPostprocessing = 0;
		};
		ABDDE52B23F25BF100B7A0D0 /* Sources */ = {
			isa = PBXSourcesBuildPhase;
			buildActionMask = 2147483647;
			files = (
				ABDDE53423F25BF100B7A0D0 /* forgotpassTests.swift in Sources */,
			);
			runOnlyForDeploymentPostprocessing = 0;
		};
		ABDDE53623F25BF100B7A0D0 /* Sources */ = {
			isa = PBXSourcesBuildPhase;
			buildActionMask = 2147483647;
			files = (
				ABDDE53F23F25BF100B7A0D0 /* forgotpassUITests.swift in Sources */,
			);
			runOnlyForDeploymentPostprocessing = 0;
		};
/* End PBXSourcesBuildPhase section */

/* Begin PBXTargetDependency section */
		ABDDE53123F25BF100B7A0D0 /* PBXTargetDependency */ = {
			isa = PBXTargetDependency;
			target = ABDDE51523F25BED00B7A0D0 /* forgotpass */;
			targetProxy = ABDDE53023F25BF100B7A0D0 /* PBXContainerItemProxy */;
		};
		ABDDE53C23F25BF100B7A0D0 /* PBXTargetDependency */ = {
			isa = PBXTargetDependency;
			target = ABDDE51523F25BED00B7A0D0 /* forgotpass */;
			targetProxy = ABDDE53B23F25BF100B7A0D0 /* PBXContainerItemProxy */;
		};
/* End PBXTargetDependency section */

/* Begin PBXVariantGroup section */
		ABDDE51F23F25BED00B7A0D0 /* Main.storyboard */ = {
			isa = PBXVariantGroup;
			children = (
				ABDDE52023F25BED00B7A0D0 /* Base */,
			);
			name = Main.storyboard;
			sourceTree = "<group>";
		};
		ABDDE52723F25BF100B7A0D0 /* LaunchScreen.storyboard */ = {
			isa = PBXVariantGroup;
			children = (
				ABDDE52823F25BF100B7A0D0 /* Base */,
			);
			name = LaunchScreen.storyboard;
			sourceTree = "<group>";
		};
/* End PBXVariantGroup section */

/* Begin XCBuildConfiguration section */
		ABDDE54123F25BF100B7A0D0 /* Debug */ = {
			isa = XCBuildConfiguration;
			buildSettings = {
				ALWAYS_SEARCH_USER_PATHS = NO;
				CLANG_ANALYZER_NONNULL = YES;
				CLANG_ANALYZER_NUMBER_OBJECT_CONVERSION = YES_AGGRESSIVE;
				CLANG_CXX_LANGUAGE_STANDARD = "gnu++14";
				CLANG_CXX_LIBRARY = "libc++";
				CLANG_ENABLE_MODULES = YES;
				CLANG_ENABLE_OBJC_ARC = YES;
				CLANG_ENABLE_OBJC_WEAK = YES;
				CLANG_WARN_BLOCK_CAPTURE_AUTORELEASING = YES;
				CLANG_WARN_BOOL_CONVERSION = YES;
				CLANG_WARN_COMMA = YES;
				CLANG_WARN_CONSTANT_CONVERSION = YES;
				CLANG_WARN_DEPRECATED_OBJC_IMPLEMENTATIONS = YES;
				CLANG_WARN_DIRECT_OBJC_ISA_USAGE = YES_ERROR;
				CLANG_WARN_DOCUMENTATION_COMMENTS = YES;
				CLANG_WARN_EMPTY_BODY = YES;
				CLANG_WARN_ENUM_CONVERSION = YES;
				CLANG_WARN_INFINITE_RECURSION = YES;
				CLANG_WARN_INT_CONVERSION = YES;
				CLANG_WARN_NON_LITERAL_NULL_CONVERSION = YES;
				CLANG_WARN_OBJC_IMPLICIT_RETAIN_SELF = YES;
				CLANG_WARN_OBJC_LITERAL_CONVERSION = YES;
				CLANG_WARN_OBJC_ROOT_CLASS = YES_ERROR;
				CLANG_WARN_RANGE_LOOP_ANALYSIS = YES;
				CLANG_WARN_STRICT_PROTOTYPES = YES;
				CLANG_WARN_SUSPICIOUS_MOVE = YES;
				CLANG_WARN_UNGUARDED_AVAILABILITY = YES_AGGRESSIVE;
				CLANG_WARN_UNREACHABLE_CODE = YES;
				CLANG_WARN__DUPLICATE_METHOD_MATCH = YES;
				COPY_PHASE_STRIP = NO;
				DEBUG_INFORMATION_FORMAT = dwarf;
				ENABLE_STRICT_OBJC_MSGSEND = YES;
				ENABLE_TESTABILITY = YES;
				GCC_C_LANGUAGE_STANDARD = gnu11;
				GCC_DYNAMIC_NO_PIC = NO;
				GCC_NO_COMMON_BLOCKS = YES;
				GCC_OPTIMIZATION_LEVEL = 0;
				GCC_PREPROCESSOR_DEFINITIONS = (
					"DEBUG=1",
					"$(inherited)",
				);
				GCC_WARN_64_TO_32_BIT_CONVERSION = YES;
				GCC_WARN_ABOUT_RETURN_TYPE = YES_ERROR;
				GCC_WARN_UNDECLARED_SELECTOR = YES;
				GCC_WARN_UNINITIALIZED_AUTOS = YES_AGGRESSIVE;
				GCC_WARN_UNUSED_FUNCTION = YES;
				GCC_WARN_UNUSED_VARIABLE = YES;
				IPHONEOS_DEPLOYMENT_TARGET = 13.2;
				MTL_ENABLE_DEBUG_INFO = INCLUDE_SOURCE;
				MTL_FAST_MATH = YES;
				ONLY_ACTIVE_ARCH = YES;
				SDKROOT = iphoneos;
				SWIFT_ACTIVE_COMPILATION_CONDITIONS = DEBUG;
				SWIFT_OPTIMIZATION_LEVEL = "-Onone";
			};
			name = Debug;
		};
		ABDDE54223F25BF100B7A0D0 /* Release */ = {
			isa = XCBuildConfiguration;
			buildSettings = {
				ALWAYS_SEARCH_USER_PATHS = NO;
				CLANG_ANALYZER_NONNULL = YES;
				CLANG_ANALYZER_NUMBER_OBJECT_CONVERSION = YES_AGGRESSIVE;
				CLANG_CXX_LANGUAGE_STANDARD = "gnu++14";
				CLANG_CXX_LIBRARY = "libc++";
				CLANG_ENABLE_MODULES = YES;
				CLANG_ENABLE_OBJC_ARC = YES;
				CLANG_ENABLE_OBJC_WEAK = YES;
				CLANG_WARN_BLOCK_CAPTURE_AUTORELEASING = YES;
				CLANG_WARN_BOOL_CONVERSION = YES;
				CLANG_WARN_COMMA = YES;
				CLANG_WARN_CONSTANT_CONVERSION = YES;
				CLANG_WARN_DEPRECATED_OBJC_IMPLEMENTATIONS = YES;
				CLANG_WARN_DIRECT_OBJC_ISA_USAGE = YES_ERROR;
				CLANG_WARN_DOCUMENTATION_COMMENTS = YES;
				CLANG_WARN_EMPTY_BODY = YES;
				CLANG_WARN_ENUM_CONVERSION = YES;
				CLANG_WARN_INFINITE_RECURSION = YES;
				CLANG_WARN_INT_CONVERSION = YES;
				CLANG_WARN_NON_LITERAL_NULL_CONVERSION = YES;
				CLANG_WARN_OBJC_IMPLICIT_RETAIN_SELF = YES;
				CLANG_WARN_OBJC_LITERAL_CONVERSION = YES;
				CLANG_WARN_OBJC_ROOT_CLASS = YES_ERROR;
				CLANG_WARN_RANGE_LOOP_ANALYSIS = YES;
				CLANG_WARN_STRICT_PROTOTYPES = YES;
				CLANG_WARN_SUSPICIOUS_MOVE = YES;
				CLANG_WARN_UNGUARDED_AVAILABILITY = YES_AGGRESSIVE;
				CLANG_WARN_UNREACHABLE_CODE = YES;
				CLANG_WARN__DUPLICATE_METHOD_MATCH = YES;
				COPY_PHASE_STRIP = NO;
				DEBUG_INFORMATION_FORMAT = "dwarf-with-dsym";
				ENABLE_NS_ASSERTIONS = NO;
				ENABLE_STRICT_OBJC_MSGSEND = YES;
				GCC_C_LANGUAGE_STANDARD = gnu11;
				GCC_NO_COMMON_BLOCKS = YES;
				GCC_WARN_64_TO_32_BIT_CONVERSION = YES;
				GCC_WARN_ABOUT_RETURN_TYPE = YES_ERROR;
				GCC_WARN_UNDECLARED_SELECTOR = YES;
				GCC_WARN_UNINITIALIZED_AUTOS = YES_AGGRESSIVE;
				GCC_WARN_UNUSED_FUNCTION = YES;
				GCC_WARN_UNUSED_VARIABLE = YES;
				IPHONEOS_DEPLOYMENT_TARGET = 13.2;
				MTL_ENABLE_DEBUG_INFO = NO;
				MTL_FAST_MATH = YES;
				SDKROOT = iphoneos;
				SWIFT_COMPILATION_MODE = wholemodule;
				SWIFT_OPTIMIZATION_LEVEL = "-O";
				VALIDATE_PRODUCT = YES;
			};
			name = Release;
		};
		ABDDE54423F25BF100B7A0D0 /* Debug */ = {
			isa = XCBuildConfiguration;
			buildSettings = {
				ASSETCATALOG_COMPILER_APPICON_NAME = AppIcon;
				CODE_SIGN_STYLE = Automatic;
				INFOPLIST_FILE = forgotpass/Info.plist;
				LD_RUNPATH_SEARCH_PATHS = (
					"$(inherited)",
					"@executable_path/Frameworks",
				);
				PRODUCT_BUNDLE_IDENTIFIER = "Angelica-Chinma-Ajoku.forgotpass";
				PRODUCT_NAME = "$(TARGET_NAME)";
				SWIFT_VERSION = 5.0;
				TARGETED_DEVICE_FAMILY = "1,2";
			};
			name = Debug;
		};
		ABDDE54523F25BF100B7A0D0 /* Release */ = {
			isa = XCBuildConfiguration;
			buildSettings = {
				ASSETCATALOG_COMPILER_APPICON_NAME = AppIcon;
				CODE_SIGN_STYLE = Automatic;
				INFOPLIST_FILE = forgotpass/Info.plist;
				LD_RUNPATH_SEARCH_PATHS = (
					"$(inherited)",
					"@executable_path/Frameworks",
				);
				PRODUCT_BUNDLE_IDENTIFIER = "Angelica-Chinma-Ajoku.forgotpass";
				PRODUCT_NAME = "$(TARGET_NAME)";
				SWIFT_VERSION = 5.0;
				TARGETED_DEVICE_FAMILY = "1,2";
			};
			name = Release;
		};
		ABDDE54723F25BF100B7A0D0 /* Debug */ = {
			isa = XCBuildConfiguration;
			buildSettings = {
				ALWAYS_EMBED_SWIFT_STANDARD_LIBRARIES = YES;
				BUNDLE_LOADER = "$(TEST_HOST)";
				CODE_SIGN_STYLE = Automatic;
				INFOPLIST_FILE = forgotpassTests/Info.plist;
				IPHONEOS_DEPLOYMENT_TARGET = 13.2;
				LD_RUNPATH_SEARCH_PATHS = (
					"$(inherited)",
					"@executable_path/Frameworks",
					"@loader_path/Frameworks",
				);
				PRODUCT_BUNDLE_IDENTIFIER = "Angelica-Chinma-Ajoku.forgotpassTests";
				PRODUCT_NAME = "$(TARGET_NAME)";
				SWIFT_VERSION = 5.0;
				TARGETED_DEVICE_FAMILY = "1,2";
				TEST_HOST = "$(BUILT_PRODUCTS_DIR)/forgotpass.app/forgotpass";
			};
			name = Debug;
		};
		ABDDE54823F25BF100B7A0D0 /* Release */ = {
			isa = XCBuildConfiguration;
			buildSettings = {
				ALWAYS_EMBED_SWIFT_STANDARD_LIBRARIES = YES;
				BUNDLE_LOADER = "$(TEST_HOST)";
				CODE_SIGN_STYLE = Automatic;
				INFOPLIST_FILE = forgotpassTests/Info.plist;
				IPHONEOS_DEPLOYMENT_TARGET = 13.2;
				LD_RUNPATH_SEARCH_PATHS = (
					"$(inherited)",
					"@executable_path/Frameworks",
					"@loader_path/Frameworks",
				);
				PRODUCT_BUNDLE_IDENTIFIER = "Angelica-Chinma-Ajoku.forgotpassTests";
				PRODUCT_NAME = "$(TARGET_NAME)";
				SWIFT_VERSION = 5.0;
				TARGETED_DEVICE_FAMILY = "1,2";
				TEST_HOST = "$(BUILT_PRODUCTS_DIR)/forgotpass.app/forgotpass";
			};
			name = Release;
		};
		ABDDE54A23F25BF100B7A0D0 /* Debug */ = {
			isa = XCBuildConfiguration;
			buildSettings = {
				ALWAYS_EMBED_SWIFT_STANDARD_LIBRARIES = YES;
				CODE_SIGN_STYLE = Automatic;
				INFOPLIST_FILE = forgotpassUITests/Info.plist;
				LD_RUNPATH_SEARCH_PATHS = (
					"$(inherited)",
					"@executable_path/Frameworks",
					"@loader_path/Frameworks",
				);
				PRODUCT_BUNDLE_IDENTIFIER = "Angelica-Chinma-Ajoku.forgotpassUITests";
				PRODUCT_NAME = "$(TARGET_NAME)";
				SWIFT_VERSION = 5.0;
				TARGETED_DEVICE_FAMILY = "1,2";
				TEST_TARGET_NAME = forgotpass;
			};
			name = Debug;
		};
		ABDDE54B23F25BF100B7A0D0 /* Release */ = {
			isa = XCBuildConfiguration;
			buildSettings = {
				ALWAYS_EMBED_SWIFT_STANDARD_LIBRARIES = YES;
				CODE_SIGN_STYLE = Automatic;
				INFOPLIST_FILE = forgotpassUITests/Info.plist;
				LD_RUNPATH_SEARCH_PATHS = (
					"$(inherited)",
					"@executable_path/Frameworks",
					"@loader_path/Frameworks",
				);
				PRODUCT_BUNDLE_IDENTIFIER = "Angelica-Chinma-Ajoku.forgotpassUITests";
				PRODUCT_NAME = "$(TARGET_NAME)";
				SWIFT_VERSION = 5.0;
				TARGETED_DEVICE_FAMILY = "1,2";
				TEST_TARGET_NAME = forgotpass;
			};
			name = Release;
		};
/* End XCBuildConfiguration section */

/* Begin XCConfigurationList section */
		ABDDE51123F25BED00B7A0D0 /* Build configuration list for PBXProject "forgotpass" */ = {
			isa = XCConfigurationList;
			buildConfigurations = (
				ABDDE54123F25BF100B7A0D0 /* Debug */,
				ABDDE54223F25BF100B7A0D0 /* Release */,
			);
			defaultConfigurationIsVisible = 0;
			defaultConfigurationName = Release;
		};
		ABDDE54323F25BF100B7A0D0 /* Build configuration list for PBXNativeTarget "forgotpass" */ = {
			isa = XCConfigurationList;
			buildConfigurations = (
				ABDDE54423F25BF100B7A0D0 /* Debug */,
				ABDDE54523F25BF100B7A0D0 /* Release */,
			);
			defaultConfigurationIsVisible = 0;
			defaultConfigurationName = Release;
		};
		ABDDE54623F25BF100B7A0D0 /* Build configuration list for PBXNativeTarget "forgotpassTests" */ = {
			isa = XCConfigurationList;
			buildConfigurations = (
				ABDDE54723F25BF100B7A0D0 /* Debug */,
				ABDDE54823F25BF100B7A0D0 /* Release */,
			);
			defaultConfigurationIsVisible = 0;
			defaultConfigurationName = Release;
		};
		ABDDE54923F25BF100B7A0D0 /* Build configuration list for PBXNativeTarget "forgotpassUITests" */ = {
			isa = XCConfigurationList;
			buildConfigurations = (
				ABDDE54A23F25BF100B7A0D0 /* Debug */,
				ABDDE54B23F25BF100B7A0D0 /* Release */,
			);
			defaultConfigurationIsVisible = 0;
			defaultConfigurationName = Release;
		};
/* End XCConfigurationList section */

/* Begin XCVersionGroup section */
		ABDDE52223F25BED00B7A0D0 /* forgotpass.xcdatamodeld */ = {
			isa = XCVersionGroup;
			children = (
				ABDDE52323F25BED00B7A0D0 /* forgotpass.xcdatamodel */,
			);
			currentVersion = ABDDE52323F25BED00B7A0D0 /* forgotpass.xcdatamodel */;
			path = forgotpass.xcdatamodeld;
			sourceTree = "<group>";
			versionGroupType = wrapper.xcdatamodel;
		};
/* End XCVersionGroup section */
	};
	rootObject = ABDDE50E23F25BED00B7A0D0 /* Project object */;
}
