// !$*UTF8*$!
{
	archiveVersion = 1;
	classes = {
	};
	objectVersion = 50;
	objects = {

/* Begin PBXBuildFile section */
		ABDDE49C23ED0E8E00B7A0D0 /* AppDelegate.swift in Sources */ = {isa = PBXBuildFile; fileRef = ABDDE49B23ED0E8E00B7A0D0 /* AppDelegate.swift */; };
		ABDDE49E23ED0E8E00B7A0D0 /* SceneDelegate.swift in Sources */ = {isa = PBXBuildFile; fileRef = ABDDE49D23ED0E8E00B7A0D0 /* SceneDelegate.swift */; };
		ABDDE4A023ED0E8E00B7A0D0 /* ViewController.swift in Sources */ = {isa = PBXBuildFile; fileRef = ABDDE49F23ED0E8E00B7A0D0 /* ViewController.swift */; };
		ABDDE4A323ED0E8E00B7A0D0 /* Main.storyboard in Resources */ = {isa = PBXBuildFile; fileRef = ABDDE4A123ED0E8E00B7A0D0 /* Main.storyboard */; };
		ABDDE4A623ED0E8E00B7A0D0 /* forgotpass.xcdatamodeld in Sources */ = {isa = PBXBuildFile; fileRef = ABDDE4A423ED0E8E00B7A0D0 /* forgotpass.xcdatamodeld */; };
		ABDDE4A823ED0E8F00B7A0D0 /* Assets.xcassets in Resources */ = {isa = PBXBuildFile; fileRef = ABDDE4A723ED0E8F00B7A0D0 /* Assets.xcassets */; };
		ABDDE4AB23ED0E8F00B7A0D0 /* LaunchScreen.storyboard in Resources */ = {isa = PBXBuildFile; fileRef = ABDDE4A923ED0E8F00B7A0D0 /* LaunchScreen.storyboard */; };
		ABDDE4B623ED0E8F00B7A0D0 /* forgotpassTests.swift in Sources */ = {isa = PBXBuildFile; fileRef = ABDDE4B523ED0E8F00B7A0D0 /* forgotpassTests.swift */; };
		ABDDE4C123ED0E8F00B7A0D0 /* forgotpassUITests.swift in Sources */ = {isa = PBXBuildFile; fileRef = ABDDE4C023ED0E8F00B7A0D0 /* forgotpassUITests.swift */; };
/* End PBXBuildFile section */

/* Begin PBXContainerItemProxy section */
		ABDDE4B223ED0E8F00B7A0D0 /* PBXContainerItemProxy */ = {
			isa = PBXContainerItemProxy;
			containerPortal = ABDDE49023ED0E8E00B7A0D0 /* Project object */;
			proxyType = 1;
			remoteGlobalIDString = ABDDE49723ED0E8E00B7A0D0;
			remoteInfo = forgotpass;
		};
		ABDDE4BD23ED0E8F00B7A0D0 /* PBXContainerItemProxy */ = {
			isa = PBXContainerItemProxy;
			containerPortal = ABDDE49023ED0E8E00B7A0D0 /* Project object */;
			proxyType = 1;
			remoteGlobalIDString = ABDDE49723ED0E8E00B7A0D0;
			remoteInfo = forgotpass;
		};
/* End PBXContainerItemProxy section */

/* Begin PBXFileReference section */
		ABDDE49823ED0E8E00B7A0D0 /* forgotpass.app */ = {isa = PBXFileReference; explicitFileType = wrapper.application; includeInIndex = 0; path = forgotpass.app; sourceTree = BUILT_PRODUCTS_DIR; };
		ABDDE49B23ED0E8E00B7A0D0 /* AppDelegate.swift */ = {isa = PBXFileReference; lastKnownFileType = sourcecode.swift; path = AppDelegate.swift; sourceTree = "<group>"; };
		ABDDE49D23ED0E8E00B7A0D0 /* SceneDelegate.swift */ = {isa = PBXFileReference; lastKnownFileType = sourcecode.swift; path = SceneDelegate.swift; sourceTree = "<group>"; };
		ABDDE49F23ED0E8E00B7A0D0 /* ViewController.swift */ = {isa = PBXFileReference; lastKnownFileType = sourcecode.swift; path = ViewController.swift; sourceTree = "<group>"; };
		ABDDE4A223ED0E8E00B7A0D0 /* Base */ = {isa = PBXFileReference; lastKnownFileType = file.storyboard; name = Base; path = Base.lproj/Main.storyboard; sourceTree = "<group>"; };
		ABDDE4A523ED0E8E00B7A0D0 /* forgotpass.xcdatamodel */ = {isa = PBXFileReference; lastKnownFileType = wrapper.xcdatamodel; path = forgotpass.xcdatamodel; sourceTree = "<group>"; };
		ABDDE4A723ED0E8F00B7A0D0 /* Assets.xcassets */ = {isa = PBXFileReference; lastKnownFileType = folder.assetcatalog; path = Assets.xcassets; sourceTree = "<group>"; };
		ABDDE4AA23ED0E8F00B7A0D0 /* Base */ = {isa = PBXFileReference; lastKnownFileType = file.storyboard; name = Base; path = Base.lproj/LaunchScreen.storyboard; sourceTree = "<group>"; };
		ABDDE4AC23ED0E8F00B7A0D0 /* Info.plist */ = {isa = PBXFileReference; lastKnownFileType = text.plist.xml; path = Info.plist; sourceTree = "<group>"; };
		ABDDE4B123ED0E8F00B7A0D0 /* forgotpassTests.xctest */ = {isa = PBXFileReference; explicitFileType = wrapper.cfbundle; includeInIndex = 0; path = forgotpassTests.xctest; sourceTree = BUILT_PRODUCTS_DIR; };
		ABDDE4B523ED0E8F00B7A0D0 /* forgotpassTests.swift */ = {isa = PBXFileReference; lastKnownFileType = sourcecode.swift; path = forgotpassTests.swift; sourceTree = "<group>"; };
		ABDDE4B723ED0E8F00B7A0D0 /* Info.plist */ = {isa = PBXFileReference; lastKnownFileType = text.plist.xml; path = Info.plist; sourceTree = "<group>"; };
		ABDDE4BC23ED0E8F00B7A0D0 /* forgotpassUITests.xctest */ = {isa = PBXFileReference; explicitFileType = wrapper.cfbundle; includeInIndex = 0; path = forgotpassUITests.xctest; sourceTree = BUILT_PRODUCTS_DIR; };
		ABDDE4C023ED0E8F00B7A0D0 /* forgotpassUITests.swift */ = {isa = PBXFileReference; lastKnownFileType = sourcecode.swift; path = forgotpassUITests.swift; sourceTree = "<group>"; };
		ABDDE4C223ED0E8F00B7A0D0 /* Info.plist */ = {isa = PBXFileReference; lastKnownFileType = text.plist.xml; path = Info.plist; sourceTree = "<group>"; };
/* End PBXFileReference section */

/* Begin PBXFrameworksBuildPhase section */
		ABDDE49523ED0E8E00B7A0D0 /* Frameworks */ = {
			isa = PBXFrameworksBuildPhase;
			buildActionMask = 2147483647;
			files = (
			);
			runOnlyForDeploymentPostprocessing = 0;
		};
		ABDDE4AE23ED0E8F00B7A0D0 /* Frameworks */ = {
			isa = PBXFrameworksBuildPhase;
			buildActionMask = 2147483647;
			files = (
			);
			runOnlyForDeploymentPostprocessing = 0;
		};
		ABDDE4B923ED0E8F00B7A0D0 /* Frameworks */ = {
			isa = PBXFrameworksBuildPhase;
			buildActionMask = 2147483647;
			files = (
			);
			runOnlyForDeploymentPostprocessing = 0;
		};
/* End PBXFrameworksBuildPhase section */

/* Begin PBXGroup section */
		ABDDE48F23ED0E8E00B7A0D0 = {
			isa = PBXGroup;
			children = (
				ABDDE49A23ED0E8E00B7A0D0 /* forgotpass */,
				ABDDE4B423ED0E8F00B7A0D0 /* forgotpassTests */,
				ABDDE4BF23ED0E8F00B7A0D0 /* forgotpassUITests */,
				ABDDE49923ED0E8E00B7A0D0 /* Products */,
			);
			sourceTree = "<group>";
		};
		ABDDE49923ED0E8E00B7A0D0 /* Products */ = {
			isa = PBXGroup;
			children = (
				ABDDE49823ED0E8E00B7A0D0 /* forgotpass.app */,
				ABDDE4B123ED0E8F00B7A0D0 /* forgotpassTests.xctest */,
				ABDDE4BC23ED0E8F00B7A0D0 /* forgotpassUITests.xctest */,
			);
			name = Products;
			sourceTree = "<group>";
		};
		ABDDE49A23ED0E8E00B7A0D0 /* forgotpass */ = {
			isa = PBXGroup;
			children = (
				ABDDE49B23ED0E8E00B7A0D0 /* AppDelegate.swift */,
				ABDDE49D23ED0E8E00B7A0D0 /* SceneDelegate.swift */,
				ABDDE49F23ED0E8E00B7A0D0 /* ViewController.swift */,
				ABDDE4A123ED0E8E00B7A0D0 /* Main.storyboard */,
				ABDDE4A723ED0E8F00B7A0D0 /* Assets.xcassets */,
				ABDDE4A923ED0E8F00B7A0D0 /* LaunchScreen.storyboard */,
				ABDDE4AC23ED0E8F00B7A0D0 /* Info.plist */,
				ABDDE4A423ED0E8E00B7A0D0 /* forgotpass.xcdatamodeld */,
			);
			path = forgotpass;
			sourceTree = "<group>";
		};
		ABDDE4B423ED0E8F00B7A0D0 /* forgotpassTests */ = {
			isa = PBXGroup;
			children = (
				ABDDE4B523ED0E8F00B7A0D0 /* forgotpassTests.swift */,
				ABDDE4B723ED0E8F00B7A0D0 /* Info.plist */,
			);
			path = forgotpassTests;
			sourceTree = "<group>";
		};
		ABDDE4BF23ED0E8F00B7A0D0 /* forgotpassUITests */ = {
			isa = PBXGroup;
			children = (
				ABDDE4C023ED0E8F00B7A0D0 /* forgotpassUITests.swift */,
				ABDDE4C223ED0E8F00B7A0D0 /* Info.plist */,
			);
			path = forgotpassUITests;
			sourceTree = "<group>";
		};
/* End PBXGroup section */

/* Begin PBXNativeTarget section */
		ABDDE49723ED0E8E00B7A0D0 /* forgotpass */ = {
			isa = PBXNativeTarget;
			buildConfigurationList = ABDDE4C523ED0E8F00B7A0D0 /* Build configuration list for PBXNativeTarget "forgotpass" */;
			buildPhases = (
				ABDDE49423ED0E8E00B7A0D0 /* Sources */,
				ABDDE49523ED0E8E00B7A0D0 /* Frameworks */,
				ABDDE49623ED0E8E00B7A0D0 /* Resources */,
			);
			buildRules = (
			);
			dependencies = (
			);
			name = forgotpass;
			productName = forgotpass;
			productReference = ABDDE49823ED0E8E00B7A0D0 /* forgotpass.app */;
			productType = "com.apple.product-type.application";
		};
		ABDDE4B023ED0E8F00B7A0D0 /* forgotpassTests */ = {
			isa = PBXNativeTarget;
			buildConfigurationList = ABDDE4C823ED0E8F00B7A0D0 /* Build configuration list for PBXNativeTarget "forgotpassTests" */;
			buildPhases = (
				ABDDE4AD23ED0E8F00B7A0D0 /* Sources */,
				ABDDE4AE23ED0E8F00B7A0D0 /* Frameworks */,
				ABDDE4AF23ED0E8F00B7A0D0 /* Resources */,
			);
			buildRules = (
			);
			dependencies = (
				ABDDE4B323ED0E8F00B7A0D0 /* PBXTargetDependency */,
			);
			name = forgotpassTests;
			productName = forgotpassTests;
			productReference = ABDDE4B123ED0E8F00B7A0D0 /* forgotpassTests.xctest */;
			productType = "com.apple.product-type.bundle.unit-test";
		};
		ABDDE4BB23ED0E8F00B7A0D0 /* forgotpassUITests */ = {
			isa = PBXNativeTarget;
			buildConfigurationList = ABDDE4CB23ED0E8F00B7A0D0 /* Build configuration list for PBXNativeTarget "forgotpassUITests" */;
			buildPhases = (
				ABDDE4B823ED0E8F00B7A0D0 /* Sources */,
				ABDDE4B923ED0E8F00B7A0D0 /* Frameworks */,
				ABDDE4BA23ED0E8F00B7A0D0 /* Resources */,
			);
			buildRules = (
			);
			dependencies = (
				ABDDE4BE23ED0E8F00B7A0D0 /* PBXTargetDependency */,
			);
			name = forgotpassUITests;
			productName = forgotpassUITests;
			productReference = ABDDE4BC23ED0E8F00B7A0D0 /* forgotpassUITests.xctest */;
			productType = "com.apple.product-type.bundle.ui-testing";
		};
/* End PBXNativeTarget section */

/* Begin PBXProject section */
		ABDDE49023ED0E8E00B7A0D0 /* Project object */ = {
			isa = PBXProject;
			attributes = {
				LastSwiftUpdateCheck = 1120;
				LastUpgradeCheck = 1120;
				ORGANIZATIONNAME = "Angelica Chinma Ajoku";
				TargetAttributes = {
					ABDDE49723ED0E8E00B7A0D0 = {
						CreatedOnToolsVersion = 11.2.1;
					};
					ABDDE4B023ED0E8F00B7A0D0 = {
						CreatedOnToolsVersion = 11.2.1;
						TestTargetID = ABDDE49723ED0E8E00B7A0D0;
					};
					ABDDE4BB23ED0E8F00B7A0D0 = {
						CreatedOnToolsVersion = 11.2.1;
						TestTargetID = ABDDE49723ED0E8E00B7A0D0;
					};
				};
			};
			buildConfigurationList = ABDDE49323ED0E8E00B7A0D0 /* Build configuration list for PBXProject "forgotpass" */;
			compatibilityVersion = "Xcode 9.3";
			developmentRegion = en;
			hasScannedForEncodings = 0;
			knownRegions = (
				en,
				Base,
			);
			mainGroup = ABDDE48F23ED0E8E00B7A0D0;
			productRefGroup = ABDDE49923ED0E8E00B7A0D0 /* Products */;
			projectDirPath = "";
			projectRoot = "";
			targets = (
				ABDDE49723ED0E8E00B7A0D0 /* forgotpass */,
				ABDDE4B023ED0E8F00B7A0D0 /* forgotpassTests */,
				ABDDE4BB23ED0E8F00B7A0D0 /* forgotpassUITests */,
			);
		};
/* End PBXProject section */

/* Begin PBXResourcesBuildPhase section */
		ABDDE49623ED0E8E00B7A0D0 /* Resources */ = {
			isa = PBXResourcesBuildPhase;
			buildActionMask = 2147483647;
			files = (
				ABDDE4AB23ED0E8F00B7A0D0 /* LaunchScreen.storyboard in Resources */,
				ABDDE4A823ED0E8F00B7A0D0 /* Assets.xcassets in Resources */,
				ABDDE4A323ED0E8E00B7A0D0 /* Main.storyboard in Resources */,
			);
			runOnlyForDeploymentPostprocessing = 0;
		};
		ABDDE4AF23ED0E8F00B7A0D0 /* Resources */ = {
			isa = PBXResourcesBuildPhase;
			buildActionMask = 2147483647;
			files = (
			);
			runOnlyForDeploymentPostprocessing = 0;
		};
		ABDDE4BA23ED0E8F00B7A0D0 /* Resources */ = {
			isa = PBXResourcesBuildPhase;
			buildActionMask = 2147483647;
			files = (
			);
			runOnlyForDeploymentPostprocessing = 0;
		};
/* End PBXResourcesBuildPhase section */

/* Begin PBXSourcesBuildPhase section */
		ABDDE49423ED0E8E00B7A0D0 /* Sources */ = {
			isa = PBXSourcesBuildPhase;
			buildActionMask = 2147483647;
			files = (
				ABDDE4A023ED0E8E00B7A0D0 /* ViewController.swift in Sources */,
				ABDDE49C23ED0E8E00B7A0D0 /* AppDelegate.swift in Sources */,
				ABDDE49E23ED0E8E00B7A0D0 /* SceneDelegate.swift in Sources */,
				ABDDE4A623ED0E8E00B7A0D0 /* forgotpass.xcdatamodeld in Sources */,
			);
			runOnlyForDeploymentPostprocessing = 0;
		};
		ABDDE4AD23ED0E8F00B7A0D0 /* Sources */ = {
			isa = PBXSourcesBuildPhase;
			buildActionMask = 2147483647;
			files = (
				ABDDE4B623ED0E8F00B7A0D0 /* forgotpassTests.swift in Sources */,
			);
			runOnlyForDeploymentPostprocessing = 0;
		};
		ABDDE4B823ED0E8F00B7A0D0 /* Sources */ = {
			isa = PBXSourcesBuildPhase;
			buildActionMask = 2147483647;
			files = (
				ABDDE4C123ED0E8F00B7A0D0 /* forgotpassUITests.swift in Sources */,
			);
			runOnlyForDeploymentPostprocessing = 0;
		};
/* End PBXSourcesBuildPhase section */

/* Begin PBXTargetDependency section */
		ABDDE4B323ED0E8F00B7A0D0 /* PBXTargetDependency */ = {
			isa = PBXTargetDependency;
			target = ABDDE49723ED0E8E00B7A0D0 /* forgotpass */;
			targetProxy = ABDDE4B223ED0E8F00B7A0D0 /* PBXContainerItemProxy */;
		};
		ABDDE4BE23ED0E8F00B7A0D0 /* PBXTargetDependency */ = {
			isa = PBXTargetDependency;
			target = ABDDE49723ED0E8E00B7A0D0 /* forgotpass */;
			targetProxy = ABDDE4BD23ED0E8F00B7A0D0 /* PBXContainerItemProxy */;
		};
/* End PBXTargetDependency section */

/* Begin PBXVariantGroup section */
		ABDDE4A123ED0E8E00B7A0D0 /* Main.storyboard */ = {
			isa = PBXVariantGroup;
			children = (
				ABDDE4A223ED0E8E00B7A0D0 /* Base */,
			);
			name = Main.storyboard;
			sourceTree = "<group>";
		};
		ABDDE4A923ED0E8F00B7A0D0 /* LaunchScreen.storyboard */ = {
			isa = PBXVariantGroup;
			children = (
				ABDDE4AA23ED0E8F00B7A0D0 /* Base */,
			);
			name = LaunchScreen.storyboard;
			sourceTree = "<group>";
		};
/* End PBXVariantGroup section */

/* Begin XCBuildConfiguration section */
		ABDDE4C323ED0E8F00B7A0D0 /* Debug */ = {
			isa = XCBuildConfiguration;
			buildSettings = {
				ALWAYS_SEARCH_USER_PATHS = NO;
				CLANG_ANALYZER_NONNULL = YES;
				CLANG_ANALYZER_NUMBER_OBJECT_CONVERSION = YES_AGGRESSIVE;
				CLANG_CXX_LANGUAGE_STANDARD = "gnu++14";
				CLANG_CXX_LIBRARY = "libc++";
				CLANG_ENABLE_MODULES = YES;
				CLANG_ENABLE_OBJC_ARC = YES;
				CLANG_ENABLE_OBJC_WEAK = YES;
				CLANG_WARN_BLOCK_CAPTURE_AUTORELEASING = YES;
				CLANG_WARN_BOOL_CONVERSION = YES;
				CLANG_WARN_COMMA = YES;
				CLANG_WARN_CONSTANT_CONVERSION = YES;
				CLANG_WARN_DEPRECATED_OBJC_IMPLEMENTATIONS = YES;
				CLANG_WARN_DIRECT_OBJC_ISA_USAGE = YES_ERROR;
				CLANG_WARN_DOCUMENTATION_COMMENTS = YES;
				CLANG_WARN_EMPTY_BODY = YES;
				CLANG_WARN_ENUM_CONVERSION = YES;
				CLANG_WARN_INFINITE_RECURSION = YES;
				CLANG_WARN_INT_CONVERSION = YES;
				CLANG_WARN_NON_LITERAL_NULL_CONVERSION = YES;
				CLANG_WARN_OBJC_IMPLICIT_RETAIN_SELF = YES;
				CLANG_WARN_OBJC_LITERAL_CONVERSION = YES;
				CLANG_WARN_OBJC_ROOT_CLASS = YES_ERROR;
				CLANG_WARN_RANGE_LOOP_ANALYSIS = YES;
				CLANG_WARN_STRICT_PROTOTYPES = YES;
				CLANG_WARN_SUSPICIOUS_MOVE = YES;
				CLANG_WARN_UNGUARDED_AVAILABILITY = YES_AGGRESSIVE;
				CLANG_WARN_UNREACHABLE_CODE = YES;
				CLANG_WARN__DUPLICATE_METHOD_MATCH = YES;
				COPY_PHASE_STRIP = NO;
				DEBUG_INFORMATION_FORMAT = dwarf;
				ENABLE_STRICT_OBJC_MSGSEND = YES;
				ENABLE_TESTABILITY = YES;
				GCC_C_LANGUAGE_STANDARD = gnu11;
				GCC_DYNAMIC_NO_PIC = NO;
				GCC_NO_COMMON_BLOCKS = YES;
				GCC_OPTIMIZATION_LEVEL = 0;
				GCC_PREPROCESSOR_DEFINITIONS = (
					"DEBUG=1",
					"$(inherited)",
				);
				GCC_WARN_64_TO_32_BIT_CONVERSION = YES;
				GCC_WARN_ABOUT_RETURN_TYPE = YES_ERROR;
				GCC_WARN_UNDECLARED_SELECTOR = YES;
				GCC_WARN_UNINITIALIZED_AUTOS = YES_AGGRESSIVE;
				GCC_WARN_UNUSED_FUNCTION = YES;
				GCC_WARN_UNUSED_VARIABLE = YES;
				IPHONEOS_DEPLOYMENT_TARGET = 13.2;
				MTL_ENABLE_DEBUG_INFO = INCLUDE_SOURCE;
				MTL_FAST_MATH = YES;
				ONLY_ACTIVE_ARCH = YES;
				SDKROOT = iphoneos;
				SWIFT_ACTIVE_COMPILATION_CONDITIONS = DEBUG;
				SWIFT_OPTIMIZATION_LEVEL = "-Onone";
			};
			name = Debug;
		};
		ABDDE4C423ED0E8F00B7A0D0 /* Release */ = {
			isa = XCBuildConfiguration;
			buildSettings = {
				ALWAYS_SEARCH_USER_PATHS = NO;
				CLANG_ANALYZER_NONNULL = YES;
				CLANG_ANALYZER_NUMBER_OBJECT_CONVERSION = YES_AGGRESSIVE;
				CLANG_CXX_LANGUAGE_STANDARD = "gnu++14";
				CLANG_CXX_LIBRARY = "libc++";
				CLANG_ENABLE_MODULES = YES;
				CLANG_ENABLE_OBJC_ARC = YES;
				CLANG_ENABLE_OBJC_WEAK = YES;
				CLANG_WARN_BLOCK_CAPTURE_AUTORELEASING = YES;
				CLANG_WARN_BOOL_CONVERSION = YES;
				CLANG_WARN_COMMA = YES;
				CLANG_WARN_CONSTANT_CONVERSION = YES;
				CLANG_WARN_DEPRECATED_OBJC_IMPLEMENTATIONS = YES;
				CLANG_WARN_DIRECT_OBJC_ISA_USAGE = YES_ERROR;
				CLANG_WARN_DOCUMENTATION_COMMENTS = YES;
				CLANG_WARN_EMPTY_BODY = YES;
				CLANG_WARN_ENUM_CONVERSION = YES;
				CLANG_WARN_INFINITE_RECURSION = YES;
				CLANG_WARN_INT_CONVERSION = YES;
				CLANG_WARN_NON_LITERAL_NULL_CONVERSION = YES;
				CLANG_WARN_OBJC_IMPLICIT_RETAIN_SELF = YES;
				CLANG_WARN_OBJC_LITERAL_CONVERSION = YES;
				CLANG_WARN_OBJC_ROOT_CLASS = YES_ERROR;
				CLANG_WARN_RANGE_LOOP_ANALYSIS = YES;
				CLANG_WARN_STRICT_PROTOTYPES = YES;
				CLANG_WARN_SUSPICIOUS_MOVE = YES;
				CLANG_WARN_UNGUARDED_AVAILABILITY = YES_AGGRESSIVE;
				CLANG_WARN_UNREACHABLE_CODE = YES;
				CLANG_WARN__DUPLICATE_METHOD_MATCH = YES;
				COPY_PHASE_STRIP = NO;
				DEBUG_INFORMATION_FORMAT = "dwarf-with-dsym";
				ENABLE_NS_ASSERTIONS = NO;
				ENABLE_STRICT_OBJC_MSGSEND = YES;
				GCC_C_LANGUAGE_STANDARD = gnu11;
				GCC_NO_COMMON_BLOCKS = YES;
				GCC_WARN_64_TO_32_BIT_CONVERSION = YES;
				GCC_WARN_ABOUT_RETURN_TYPE = YES_ERROR;
				GCC_WARN_UNDECLARED_SELECTOR = YES;
				GCC_WARN_UNINITIALIZED_AUTOS = YES_AGGRESSIVE;
				GCC_WARN_UNUSED_FUNCTION = YES;
				GCC_WARN_UNUSED_VARIABLE = YES;
				IPHONEOS_DEPLOYMENT_TARGET = 13.2;
				MTL_ENABLE_DEBUG_INFO = NO;
				MTL_FAST_MATH = YES;
				SDKROOT = iphoneos;
				SWIFT_COMPILATION_MODE = wholemodule;
				SWIFT_OPTIMIZATION_LEVEL = "-O";
				VALIDATE_PRODUCT = YES;
			};
			name = Release;
		};
		ABDDE4C623ED0E8F00B7A0D0 /* Debug */ = {
			isa = XCBuildConfiguration;
			buildSettings = {
				ASSETCATALOG_COMPILER_APPICON_NAME = AppIcon;
				CODE_SIGN_STYLE = Automatic;
				INFOPLIST_FILE = forgotpass/Info.plist;
				LD_RUNPATH_SEARCH_PATHS = (
					"$(inherited)",
					"@executable_path/Frameworks",
				);
				PRODUCT_BUNDLE_IDENTIFIER = "Angelica-Chinma-Ajoku.forgotpass";
				PRODUCT_NAME = "$(TARGET_NAME)";
				SWIFT_VERSION = 5.0;
				TARGETED_DEVICE_FAMILY = "1,2";
			};
			name = Debug;
		};
		ABDDE4C723ED0E8F00B7A0D0 /* Release */ = {
			isa = XCBuildConfiguration;
			buildSettings = {
				ASSETCATALOG_COMPILER_APPICON_NAME = AppIcon;
				CODE_SIGN_STYLE = Automatic;
				INFOPLIST_FILE = forgotpass/Info.plist;
				LD_RUNPATH_SEARCH_PATHS = (
					"$(inherited)",
					"@executable_path/Frameworks",
				);
				PRODUCT_BUNDLE_IDENTIFIER = "Angelica-Chinma-Ajoku.forgotpass";
				PRODUCT_NAME = "$(TARGET_NAME)";
				SWIFT_VERSION = 5.0;
				TARGETED_DEVICE_FAMILY = "1,2";
			};
			name = Release;
		};
		ABDDE4C923ED0E8F00B7A0D0 /* Debug */ = {
			isa = XCBuildConfiguration;
			buildSettings = {
				ALWAYS_EMBED_SWIFT_STANDARD_LIBRARIES = YES;
				BUNDLE_LOADER = "$(TEST_HOST)";
				CODE_SIGN_STYLE = Automatic;
				INFOPLIST_FILE = forgotpassTests/Info.plist;
				IPHONEOS_DEPLOYMENT_TARGET = 13.2;
				LD_RUNPATH_SEARCH_PATHS = (
					"$(inherited)",
					"@executable_path/Frameworks",
					"@loader_path/Frameworks",
				);
				PRODUCT_BUNDLE_IDENTIFIER = "Angelica-Chinma-Ajoku.forgotpassTests";
				PRODUCT_NAME = "$(TARGET_NAME)";
				SWIFT_VERSION = 5.0;
				TARGETED_DEVICE_FAMILY = "1,2";
				TEST_HOST = "$(BUILT_PRODUCTS_DIR)/forgotpass.app/forgotpass";
			};
			name = Debug;
		};
		ABDDE4CA23ED0E8F00B7A0D0 /* Release */ = {
			isa = XCBuildConfiguration;
			buildSettings = {
				ALWAYS_EMBED_SWIFT_STANDARD_LIBRARIES = YES;
				BUNDLE_LOADER = "$(TEST_HOST)";
				CODE_SIGN_STYLE = Automatic;
				INFOPLIST_FILE = forgotpassTests/Info.plist;
				IPHONEOS_DEPLOYMENT_TARGET = 13.2;
				LD_RUNPATH_SEARCH_PATHS = (
					"$(inherited)",
					"@executable_path/Frameworks",
					"@loader_path/Frameworks",
				);
				PRODUCT_BUNDLE_IDENTIFIER = "Angelica-Chinma-Ajoku.forgotpassTests";
				PRODUCT_NAME = "$(TARGET_NAME)";
				SWIFT_VERSION = 5.0;
				TARGETED_DEVICE_FAMILY = "1,2";
				TEST_HOST = "$(BUILT_PRODUCTS_DIR)/forgotpass.app/forgotpass";
			};
			name = Release;
		};
		ABDDE4CC23ED0E8F00B7A0D0 /* Debug */ = {
			isa = XCBuildConfiguration;
			buildSettings = {
				ALWAYS_EMBED_SWIFT_STANDARD_LIBRARIES = YES;
				CODE_SIGN_STYLE = Automatic;
				INFOPLIST_FILE = forgotpassUITests/Info.plist;
				LD_RUNPATH_SEARCH_PATHS = (
					"$(inherited)",
					"@executable_path/Frameworks",
					"@loader_path/Frameworks",
				);
				PRODUCT_BUNDLE_IDENTIFIER = "Angelica-Chinma-Ajoku.forgotpassUITests";
				PRODUCT_NAME = "$(TARGET_NAME)";
				SWIFT_VERSION = 5.0;
				TARGETED_DEVICE_FAMILY = "1,2";
				TEST_TARGET_NAME = forgotpass;
			};
			name = Debug;
		};
		ABDDE4CD23ED0E8F00B7A0D0 /* Release */ = {
			isa = XCBuildConfiguration;
			buildSettings = {
				ALWAYS_EMBED_SWIFT_STANDARD_LIBRARIES = YES;
				CODE_SIGN_STYLE = Automatic;
				INFOPLIST_FILE = forgotpassUITests/Info.plist;
				LD_RUNPATH_SEARCH_PATHS = (
					"$(inherited)",
					"@executable_path/Frameworks",
					"@loader_path/Frameworks",
				);
				PRODUCT_BUNDLE_IDENTIFIER = "Angelica-Chinma-Ajoku.forgotpassUITests";
				PRODUCT_NAME = "$(TARGET_NAME)";
				SWIFT_VERSION = 5.0;
				TARGETED_DEVICE_FAMILY = "1,2";
				TEST_TARGET_NAME = forgotpass;
			};
			name = Release;
		};
/* End XCBuildConfiguration section */

/* Begin XCConfigurationList section */
		ABDDE49323ED0E8E00B7A0D0 /* Build configuration list for PBXProject "forgotpass" */ = {
			isa = XCConfigurationList;
			buildConfigurations = (
				ABDDE4C323ED0E8F00B7A0D0 /* Debug */,
				ABDDE4C423ED0E8F00B7A0D0 /* Release */,
			);
			defaultConfigurationIsVisible = 0;
			defaultConfigurationName = Release;
		};
		ABDDE4C523ED0E8F00B7A0D0 /* Build configuration list for PBXNativeTarget "forgotpass" */ = {
			isa = XCConfigurationList;
			buildConfigurations = (
				ABDDE4C623ED0E8F00B7A0D0 /* Debug */,
				ABDDE4C723ED0E8F00B7A0D0 /* Release */,
			);
			defaultConfigurationIsVisible = 0;
			defaultConfigurationName = Release;
		};
		ABDDE4C823ED0E8F00B7A0D0 /* Build configuration list for PBXNativeTarget "forgotpassTests" */ = {
			isa = XCConfigurationList;
			buildConfigurations = (
				ABDDE4C923ED0E8F00B7A0D0 /* Debug */,
				ABDDE4CA23ED0E8F00B7A0D0 /* Release */,
			);
			defaultConfigurationIsVisible = 0;
			defaultConfigurationName = Release;
		};
		ABDDE4CB23ED0E8F00B7A0D0 /* Build configuration list for PBXNativeTarget "forgotpassUITests" */ = {
			isa = XCConfigurationList;
			buildConfigurations = (
				ABDDE4CC23ED0E8F00B7A0D0 /* Debug */,
				ABDDE4CD23ED0E8F00B7A0D0 /* Release */,
			);
			defaultConfigurationIsVisible = 0;
			defaultConfigurationName = Release;
		};
/* End XCConfigurationList section */

/* Begin XCVersionGroup section */
		ABDDE4A423ED0E8E00B7A0D0 /* forgotpass.xcdatamodeld */ = {
			isa = XCVersionGroup;
			children = (
				ABDDE4A523ED0E8E00B7A0D0 /* forgotpass.xcdatamodel */,
			);
			currentVersion = ABDDE4A523ED0E8E00B7A0D0 /* forgotpass.xcdatamodel */;
			path = forgotpass.xcdatamodeld;
			sourceTree = "<group>";
			versionGroupType = wrapper.xcdatamodel;
		};
/* End XCVersionGroup section */
	};
	rootObject = ABDDE49023ED0E8E00B7A0D0 /* Project object */;
}
